<?xml version="1.0" encoding="utf-8"?>
<Project ToolsVersion="4.0" xmlns="http://schemas.microsoft.com/developer/msbuild/2003">
  <ItemGroup>
    <Filter Include="lua">
      <UniqueIdentifier>{a8b36f0f-06da-40d4-bd4e-da1a295d0c40}</UniqueIdentifier>
    </Filter>
    <Filter Include="_nfo">
      <UniqueIdentifier>{ba57638c-6a2c-4cec-aa1b-2cb448eba625}</UniqueIdentifier>
    </Filter>
  </ItemGroup>
  <ItemGroup>
    <ClCompile Include="..\..\lua4d\lauxlib.c">
      <Filter>lua</Filter>
    </ClCompile>
    <ClCompile Include="..\..\lua4d\lbaselib.c">
      <Filter>lua</Filter>
    </ClCompile>
    <ClCompile Include="..\..\lua4d\lcode.c">
      <Filter>lua</Filter>
    </ClCompile>
    <ClCompile Include="..\..\lua4d\lcorolib.c">
      <Filter>lua</Filter>
    </ClCompile>
    <ClCompile Include="..\..\lua4d\lctype.c">
      <Filter>lua</Filter>
    </ClCompile>
    <ClCompile Include="..\..\lua4d\ldblib.c">
      <Filter>lua</Filter>
    </ClCompile>
    <ClCompile Include="..\..\lua4d\ldebug.c">
      <Filter>lua</Filter>
    </ClCompile>
    <ClCompile Include="..\..\lua4d\ldo.c">
      <Filter>lua</Filter>
    </ClCompile>
    <ClCompile Include="..\..\lua4d\ldump.c">
      <Filter>lua</Filter>
    </ClCompile>
    <ClCompile Include="..\..\lua4d\lfunc.c">
      <Filter>lua</Filter>
    </ClCompile>
    <ClCompile Include="..\..\lua4d\lgc.c">
      <Filter>lua</Filter>
    </ClCompile>
    <ClCompile Include="..\..\lua4d\linit.c">
      <Filter>lua</Filter>
    </ClCompile>
    <ClCompile Include="..\..\lua4d\liolib.c">
      <Filter>lua</Filter>
    </ClCompile>
    <ClCompile Include="..\..\lua4d\llex.c">
      <Filter>lua</Filter>
    </ClCompile>
    <ClCompile Include="..\..\lua4d\lmathlib.c">
      <Filter>lua</Filter>
    </ClCompile>
    <ClCompile Include="..\..\lua4d\lmem.c">
      <Filter>lua</Filter>
    </ClCompile>
    <ClCompile Include="..\..\lua4d\loadlib.c">
      <Filter>lua</Filter>
    </ClCompile>
    <ClCompile Include="..\..\lua4d\lobject.c">
      <Filter>lua</Filter>
    </ClCompile>
    <ClCompile Include="..\..\lua4d\lopcodes.c">
      <Filter>lua</Filter>
    </ClCompile>
    <ClCompile Include="..\..\lua4d\loslib.c">
      <Filter>lua</Filter>
    </ClCompile>
    <ClCompile Include="..\..\lua4d\lparser.c">
      <Filter>lua</Filter>
    </ClCompile>
    <ClCompile Include="..\..\lua4d\lstate.c">
      <Filter>lua</Filter>
    </ClCompile>
    <ClCompile Include="..\..\lua4d\lstring.c">
      <Filter>lua</Filter>
    </ClCompile>
    <ClCompile Include="..\..\lua4d\lstrlib.c">
      <Filter>lua</Filter>
    </ClCompile>
    <ClCompile Include="..\..\lua4d\ltable.c">
      <Filter>lua</Filter>
    </ClCompile>
    <ClCompile Include="..\..\lua4d\ltablib.c">
      <Filter>lua</Filter>
    </ClCompile>
    <ClCompile Include="..\..\lua4d\ltm.c">
      <Filter>lua</Filter>
    </ClCompile>
    <ClCompile Include="..\..\lua4d\lundump.c">
      <Filter>lua</Filter>
    </ClCompile>
    <ClCompile Include="..\..\lua4d\lutf8lib.c">
      <Filter>lua</Filter>
    </ClCompile>
    <ClCompile Include="..\..\lua4d\lvm.c">
      <Filter>lua</Filter>
    </ClCompile>
    <ClCompile Include="..\..\lua4d\lzio.c">
      <Filter>lua</Filter>
    </ClCompile>
    <ClCompile Include="..\..\lua4d\lapi.c">
      <Filter>lua</Filter>
    </ClCompile>
    <ClCompile Include="..\..\lua4d\luac.c">
      <Filter>lua</Filter>
    </ClCompile>
  </ItemGroup>
  <ItemGroup>
    <ClInclude Include="resource.h" />
  </ItemGroup>
  <ItemGroup>
    <ResourceCompile Include="lua.rc" />
  </ItemGroup>
</Project>